
Microsoft Visual Studio Solution File, Format Version 12.00
# Visual Studio Version 17
VisualStudioVersion = 17.10.35122.118
MinimumVisualStudioVersion = 10.0.40219.1
Project("{FAE04EC0-301F-11D3-BF4B-00C04F79EFBC}") = "EFMBL", "EFMBL\EFMBL.csproj", "{AAF8BF71-1015-4431-9E76-AFEC783812DB}"
EndProject
Global
	GlobalSection(SolutionConfigurationPlatforms) = preSolution
		Debug|Any CPU = Debug|Any CPU
		Release|Any CPU = Release|Any CPU
	EndGlobalSection
	GlobalSection(ProjectConfigurationPlatforms) = postSolution
		{AAF8BF71-1015-4431-9E76-AFEC783812DB}.Debug|Any CPU.ActiveCfg = Debug|Any CPU
		{AAF8BF71-1015-4431-9E76-AFEC783812DB}.Debug|Any CPU.Build.0 = Debug|Any CPU
		{AAF8BF71-1015-4431-9E76-AFEC783812DB}.Release|Any CPU.ActiveCfg = Release|Any CPU
		{AAF8BF71-1015-4431-9E76-AFEC783812DB}.Release|Any CPU.Build.0 = Release|Any CPU
	EndGlobalSection
	GlobalSection(SolutionProperties) = preSolution
		HideSolutionNode = FALSE
	EndGlobalSection
	GlobalSection(ExtensibilityGlobals) = postSolution
		SolutionGuid = {6944313D-7C73-459F-8FAF-285F7979E24C}
	EndGlobalSection
EndGlobal
